
Microsoft Visual Studio Solution File, Format Version 12.00
# Visual Studio Version 17
VisualStudioVersion = 17.7.34031.279
MinimumVisualStudioVersion = 10.0.40219.1
Project("{FAE04EC0-301F-11D3-BF4B-00C04F79EFBC}") = "Phase1Section3.12", "Phase1Section3.12\Phase1Section3.12.csproj", "{442E6D71-74C4-4687-AB71-2DDB4E9AE125}"
EndProject
Global
	GlobalSection(SolutionConfigurationPlatforms) = preSolution
		Debug|Any CPU = Debug|Any CPU
		Release|Any CPU = Release|Any CPU
	EndGlobalSection
	GlobalSection(ProjectConfigurationPlatforms) = postSolution
		{442E6D71-74C4-4687-AB71-2DDB4E9AE125}.Debug|Any CPU.ActiveCfg = Debug|Any CPU
		{442E6D71-74C4-4687-AB71-2DDB4E9AE125}.Debug|Any CPU.Build.0 = Debug|Any CPU
		{442E6D71-74C4-4687-AB71-2DDB4E9AE125}.Release|Any CPU.ActiveCfg = Release|Any CPU
		{442E6D71-74C4-4687-AB71-2DDB4E9AE125}.Release|Any CPU.Build.0 = Release|Any CPU
	EndGlobalSection
	GlobalSection(SolutionProperties) = preSolution
		HideSolutionNode = FALSE
	EndGlobalSection
	GlobalSection(ExtensibilityGlobals) = postSolution
		SolutionGuid = {4C90AD91-3A66-419A-AC8C-2BB476108607}
	EndGlobalSection
EndGlobal
